
Microsoft Visual Studio Solution File, Format Version 12.00
# Visual Studio Version 17
VisualStudioVersion = 17.0.31825.309
MinimumVisualStudioVersion = 10.0.40219.1
Project("{FAE04EC0-301F-11D3-BF4B-00C04F79EFBC}") = "IL-код", "IL-код\IL-код.csproj", "{E33DB818-BD04-4E54-A3AE-37FE64A422DC}"
EndProject
Global
	GlobalSection(SolutionConfigurationPlatforms) = preSolution
		Debug|Any CPU = Debug|Any CPU
		Release|Any CPU = Release|Any CPU
	EndGlobalSection
	GlobalSection(ProjectConfigurationPlatforms) = postSolution
		{E33DB818-BD04-4E54-A3AE-37FE64A422DC}.Debug|Any CPU.ActiveCfg = Debug|Any CPU
		{E33DB818-BD04-4E54-A3AE-37FE64A422DC}.Debug|Any CPU.Build.0 = Debug|Any CPU
		{E33DB818-BD04-4E54-A3AE-37FE64A422DC}.Release|Any CPU.ActiveCfg = Release|Any CPU
		{E33DB818-BD04-4E54-A3AE-37FE64A422DC}.Release|Any CPU.Build.0 = Release|Any CPU
	EndGlobalSection
	GlobalSection(SolutionProperties) = preSolution
		HideSolutionNode = FALSE
	EndGlobalSection
	GlobalSection(ExtensibilityGlobals) = postSolution
		SolutionGuid = {6182F28A-CA1D-4DC5-A90A-F4B7170495F7}
	EndGlobalSection
EndGlobal
